// !$*UTF8*$!
{
	archiveVersion = 1;
	classes = {
	};
	objectVersion = 70;
	objects = {

/* Begin PBXBuildFile section */
		2FAD9763203C412B000D30F8 /* config.xml in Resources */ = {isa = PBXBuildFile; fileRef = 2FAD9762203C412B000D30F8 /* config.xml */; };
		4D22ABE92AF431CB00220026 /* CapApp-SPM in Frameworks */ = {isa = PBXBuildFile; productRef = 4D22ABE82AF431CB00220026 /* CapApp-SPM */; };
		4F9BE0A63069AF57005AFABA /* WidgetKit.framework in Frameworks */ = {isa = PBXBuildFile; fileRef = 4F9BE0393064D39E005AFABA /* WidgetKit.framework */; };
		4F9BE0A73069AF57005AFABA /* SwiftUI.framework in Frameworks */ = {isa = PBXBuildFile; fileRef = 4F9BE03B3064D39E005AFABA /* SwiftUI.framework */; };
		4F9BE0B63069AF5B005AFABA /* AdhkarWidgetsExtension.appex in Embed Foundation Extensions */ = {isa = PBXBuildFile; fileRef = 4F9BE0A53069AF57005AFABA /* AdhkarWidgetsExtension.appex */; settings = {ATTRIBUTES = (RemoveHeadersOnCopy, ); }; };
		4F9BE0E43069BE96005AFABA /* CapacitorBridge.swift in Sources */ = {isa = PBXBuildFile; fileRef = 4F9BE0E23069BE96005AFABA /* CapacitorBridge.swift */; };
		4F9BE0E53069BE96005AFABA /* SharedModels.swift in Sources */ = {isa = PBXBuildFile; fileRef = 4F9BE0E33069BE96005AFABA /* SharedModels.swift */; };
		4F9BE0E63069BE96005AFABA /* AdhkarWidgetsPlugin.swift in Sources */ = {isa = PBXBuildFile; fileRef = 4F9BE0E13069BE96005AFABA /* AdhkarWidgetsPlugin.swift */; };
		4F9BE0E73069BEC6005AFABA /* SharedModels.swift in Sources */ = {isa = PBXBuildFile; fileRef = 4F9BE0E33069BE96005AFABA /* SharedModels.swift */; };
		4F9BE198306A45A7005AFABA /* adhan-makkah-full.mp3 in Resources */ = {isa = PBXBuildFile; fileRef = 4F9BE18F306A45A7005AFABA /* adhan-makkah-full.mp3 */; };
		4F9BE199306A45A7005AFABA /* adhan-majale-full.mp3 in Resources */ = {isa = PBXBuildFile; fileRef = 4F9BE18D306A45A7005AFABA /* adhan-majale-full.mp3 */; };
		4F9BE19A306A45A7005AFABA /* adhan-madinah-30.caf in Resources */ = {isa = PBXBuildFile; fileRef = 4F9BE18A306A45A7005AFABA /* adhan-madinah-30.caf */; };
		4F9BE19B306A45A7005AFABA /* adhan-zaili-30.caf in Resources */ = {isa = PBXBuildFile; fileRef = 4F9BE194306A45A7005AFABA /* adhan-zaili-30.caf */; };
		4F9BE19C306A45A7005AFABA /* adhan-mishary-full.mp3 in Resources */ = {isa = PBXBuildFile; fileRef = 4F9BE191306A45A7005AFABA /* adhan-mishary-full.mp3 */; };
		4F9BE19D306A45A7005AFABA /* adhan-makkah-30.caf in Resources */ = {isa = PBXBuildFile; fileRef = 4F9BE18E306A45A7005AFABA /* adhan-makkah-30.caf */; };
		4F9BE19E306A45A7005AFABA /* adhan-basit-30.caf in Resources */ = {isa = PBXBuildFile; fileRef = 4F9BE188306A45A7005AFABA /* adhan-basit-30.caf */; };
		4F9BE19F306A45A7005AFABA /* adhan-mishary-30.caf in Resources */ = {isa = PBXBuildFile; fileRef = 4F9BE190306A45A7005AFABA /* adhan-mishary-30.caf */; };
		4F9BE1A0306A45A7005AFABA /* adhan-qatami-30.caf in Resources */ = {isa = PBXBuildFile; fileRef = 4F9BE192306A45A7005AFABA /* adhan-qatami-30.caf */; };
		4F9BE1A1306A45A7005AFABA /* adhan-madinah-full.mp3 in Resources */ = {isa = PBXBuildFile; fileRef = 4F9BE18B306A45A7005AFABA /* adhan-madinah-full.mp3 */; };
		4F9BE1A2306A45A7005AFABA /* adhan-majale-30.caf in Resources */ = {isa = PBXBuildFile; fileRef = 4F9BE18C306A45A7005AFABA /* adhan-majale-30.caf */; };
		4F9BE1A3306A45A7005AFABA /* adhan-basit-full.mp3 in Resources */ = {isa = PBXBuildFile; fileRef = 4F9BE189306A45A7005AFABA /* adhan-basit-full.mp3 */; };
		4F9BE1A4306A45A7005AFABA /* adhan-qatami-full.mp3 in Resources */ = {isa = PBXBuildFile; fileRef = 4F9BE193306A45A7005AFABA /* adhan-qatami-full.mp3 */; };
		4F9BE1A5306A45A7005AFABA /* adhan-zaili-full.mp3 in Resources */ = {isa = PBXBuildFile; fileRef = 4F9BE195306A45A7005AFABA /* adhan-zaili-full.mp3 */; };
		4F9BE1A9306A52F0005AFABA /* AdhanActivityAttributes.swift in Sources */ = {isa = PBXBuildFile; fileRef = 4F9BE1A8306A52F0005AFABA /* AdhanActivityAttributes.swift */; };
		4F9BE1AA306A52F0005AFABA /* AdhanActivityAttributes.swift in Sources */ = {isa = PBXBuildFile; fileRef = 4F9BE1A8306A52F0005AFABA /* AdhanActivityAttributes.swift */; };
		4F9BE1AF306A5DB7005AFABA /* AdhanAudioManager.swift in Sources */ = {isa = PBXBuildFile; fileRef = 4F9BE1AE306A5DB7005AFABA /* AdhanAudioManager.swift */; };
		4F9BE1B0306A5DB7005AFABA /* AdhanAppIntents.swift in Sources */ = {isa = PBXBuildFile; fileRef = 4F9BE1AD306A5DB7005AFABA /* AdhanAppIntents.swift */; };
		4F9BE1B1306A5DB7005AFABA /* AdhanAudioManager.swift in Sources */ = {isa = PBXBuildFile; fileRef = 4F9BE1AE306A5DB7005AFABA /* AdhanAudioManager.swift */; };
		4F9BE1B2306A5DB7005AFABA /* AdhanAppIntents.swift in Sources */ = {isa = PBXBuildFile; fileRef = 4F9BE1AD306A5DB7005AFABA /* AdhanAppIntents.swift */; };
		4F9BE1B4306B0229005AFABA /* AdhanPlugin.swift in Sources */ = {isa = PBXBuildFile; fileRef = 4F9BE1B3306B0229005AFABA /* AdhanPlugin.swift */; };
		4F9BE1C4306C0000005AFABA /* adhan-fajr-madinah-30.caf in Resources */ = {isa = PBXBuildFile; fileRef = 4F9BE1C0306C0000005AFABA /* adhan-fajr-madinah-30.caf */; };
		4F9BE1C5306C0000005AFABA /* adhan-fajr-madinah-full.mp3 in Resources */ = {isa = PBXBuildFile; fileRef = 4F9BE1C1306C0000005AFABA /* adhan-fajr-madinah-full.mp3 */; };
		4F9BE1C6306C0000005AFABA /* adhan-fajr-mishary-30.caf in Resources */ = {isa = PBXBuildFile; fileRef = 4F9BE1C2306C0000005AFABA /* adhan-fajr-mishary-30.caf */; };
		4F9BE1C7306C0000005AFABA /* adhan-fajr-mishary-full.mp3 in Resources */ = {isa = PBXBuildFile; fileRef = 4F9BE1C3306C0000005AFABA /* adhan-fajr-mishary-full.mp3 */; };
		50379B232058CBB4000EE86E /* capacitor.config.json in Resources */ = {isa = PBXBuildFile; fileRef = 50379B222058CBB4000EE86E /* capacitor.config.json */; };
		504EC3081FED79650016851F /* AppDelegate.swift in Sources */ = {isa = PBXBuildFile; fileRef = 504EC3071FED79650016851F /* AppDelegate.swift */; };
		504EC30D1FED79650016851F /* Main.storyboard in Resources */ = {isa = PBXBuildFile; fileRef = 504EC30B1FED79650016851F /* Main.storyboard */; };
		504EC30F1FED79650016851F /* Assets.xcassets in Resources */ = {isa = PBXBuildFile; fileRef = 504EC30E1FED79650016851F /* Assets.xcassets */; };
		504EC3121FED79650016851F /* LaunchScreen.storyboard in Resources */ = {isa = PBXBuildFile; fileRef = 504EC3101FED79650016851F /* LaunchScreen.storyboard */; };
		50B271D11FEDC1A000F3C39B /* public in Resources */ = {isa = PBXBuildFile; fileRef = 50B271D01FEDC1A000F3C39B /* public */; };
/* End PBXBuildFile section */

/* Begin PBXContainerItemProxy section */
		4F9BE0B43069AF5B005AFABA /* PBXContainerItemProxy */ = {
			isa = PBXContainerItemProxy;
			containerPortal = 504EC2FC1FED79650016851F /* Project object */;
			proxyType = 1;
			remoteGlobalIDString = 4F9BE0A43069AF57005AFABA;
			remoteInfo = AdhkarWidgetsExtension;
		};
/* End PBXContainerItemProxy section */

/* Begin PBXCopyFilesBuildPhase section */
		4F9BE04E3064D39F005AFABA /* Embed Foundation Extensions */ = {
			isa = PBXCopyFilesBuildPhase;
			buildActionMask = 2147483647;
			dstPath = "";
			dstSubfolderSpec = 13;
			files = (
				4F9BE0B63069AF5B005AFABA /* AdhkarWidgetsExtension.appex in Embed Foundation Extensions */,
			);
			name = "Embed Foundation Extensions";
			runOnlyForDeploymentPostprocessing = 0;
		};
/* End PBXCopyFilesBuildPhase section */

/* Begin PBXFileReference section */
		2FAD9762203C412B000D30F8 /* config.xml */ = {isa = PBXFileReference; lastKnownFileType = text.xml; path = config.xml; sourceTree = "<group>"; };
		4F9BE0393064D39E005AFABA /* WidgetKit.framework */ = {isa = PBXFileReference; lastKnownFileType = wrapper.framework; name = WidgetKit.framework; path = System/Library/Frameworks/WidgetKit.framework; sourceTree = SDKROOT; };
		4F9BE03B3064D39E005AFABA /* SwiftUI.framework */ = {isa = PBXFileReference; lastKnownFileType = wrapper.framework; name = SwiftUI.framework; path = System/Library/Frameworks/SwiftUI.framework; sourceTree = SDKROOT; };
		4F9BE0673064D9E4005AFABA /* AppRelease.entitlements */ = {isa = PBXFileReference; lastKnownFileType = text.plist.entitlements; path = AppRelease.entitlements; sourceTree = "<group>"; };
		4F9BE0A53069AF57005AFABA /* AdhkarWidgetsExtension.appex */ = {isa = PBXFileReference; explicitFileType = "wrapper.app-extension"; includeInIndex = 0; path = AdhkarWidgetsExtension.appex; sourceTree = BUILT_PRODUCTS_DIR; };
		4F9BE0E13069BE96005AFABA /* AdhkarWidgetsPlugin.swift */ = {isa = PBXFileReference; lastKnownFileType = sourcecode.swift; name = AdhkarWidgetsPlugin.swift; path = App/AdhkarWidgetsPlugin.swift; sourceTree = "<group>"; };
		4F9BE0E23069BE96005AFABA /* CapacitorBridge.swift */ = {isa = PBXFileReference; lastKnownFileType = sourcecode.swift; name = CapacitorBridge.swift; path = App/CapacitorBridge.swift; sourceTree = "<group>"; };
		4F9BE0E33069BE96005AFABA /* SharedModels.swift */ = {isa = PBXFileReference; lastKnownFileType = sourcecode.swift; name = SharedModels.swift; path = App/SharedModels.swift; sourceTree = "<group>"; };
		4F9BE10D3069C4BA005AFABA /* AdhkarWidgetsExtensionRelease.entitlements */ = {isa = PBXFileReference; lastKnownFileType = text.plist.entitlements; path = AdhkarWidgetsExtensionRelease.entitlements; sourceTree = "<group>"; };
		4F9BE188306A45A7005AFABA /* adhan-basit-30.caf */ = {isa = PBXFileReference; lastKnownFileType = file; path = "adhan-basit-30.caf"; sourceTree = "<group>"; };
		4F9BE189306A45A7005AFABA /* adhan-basit-full.mp3 */ = {isa = PBXFileReference; lastKnownFileType = audio.mp3; path = "adhan-basit-full.mp3"; sourceTree = "<group>"; };
		4F9BE18A306A45A7005AFABA /* adhan-madinah-30.caf */ = {isa = PBXFileReference; lastKnownFileType = file; path = "adhan-madinah-30.caf"; sourceTree = "<group>"; };
		4F9BE18B306A45A7005AFABA /* adhan-madinah-full.mp3 */ = {isa = PBXFileReference; lastKnownFileType = audio.mp3; path = "adhan-madinah-full.mp3"; sourceTree = "<group>"; };
		4F9BE18C306A45A7005AFABA /* adhan-majale-30.caf */ = {isa = PBXFileReference; lastKnownFileType = file; path = "adhan-majale-30.caf"; sourceTree = "<group>"; };
		4F9BE18D306A45A7005AFABA /* adhan-majale-full.mp3 */ = {isa = PBXFileReference; lastKnownFileType = audio.mp3; path = "adhan-majale-full.mp3"; sourceTree = "<group>"; };
		4F9BE18E306A45A7005AFABA /* adhan-makkah-30.caf */ = {isa = PBXFileReference; lastKnownFileType = file; path = "adhan-makkah-30.caf"; sourceTree = "<group>"; };
		4F9BE18F306A45A7005AFABA /* adhan-makkah-full.mp3 */ = {isa = PBXFileReference; lastKnownFileType = audio.mp3; path = "adhan-makkah-full.mp3"; sourceTree = "<group>"; };
		4F9BE190306A45A7005AFABA /* adhan-mishary-30.caf */ = {isa = PBXFileReference; lastKnownFileType = file; path = "adhan-mishary-30.caf"; sourceTree = "<group>"; };
		4F9BE191306A45A7005AFABA /* adhan-mishary-full.mp3 */ = {isa = PBXFileReference; lastKnownFileType = audio.mp3; path = "adhan-mishary-full.mp3"; sourceTree = "<group>"; };
		4F9BE192306A45A7005AFABA /* adhan-qatami-30.caf */ = {isa = PBXFileReference; lastKnownFileType = file; path = "adhan-qatami-30.caf"; sourceTree = "<group>"; };
		4F9BE193306A45A7005AFABA /* adhan-qatami-full.mp3 */ = {isa = PBXFileReference; lastKnownFileType = audio.mp3; path = "adhan-qatami-full.mp3"; sourceTree = "<group>"; };
		4F9BE194306A45A7005AFABA /* adhan-zaili-30.caf */ = {isa = PBXFileReference; lastKnownFileType = file; path = "adhan-zaili-30.caf"; sourceTree = "<group>"; };
		4F9BE195306A45A7005AFABA /* adhan-zaili-full.mp3 */ = {isa = PBXFileReference; lastKnownFileType = audio.mp3; path = "adhan-zaili-full.mp3"; sourceTree = "<group>"; };
		4F9BE1A8306A52F0005AFABA /* AdhanActivityAttributes.swift */ = {isa = PBXFileReference; lastKnownFileType = sourcecode.swift; path = AdhanActivityAttributes.swift; sourceTree = "<group>"; };
		4F9BE1AD306A5DB7005AFABA /* AdhanAppIntents.swift */ = {isa = PBXFileReference; lastKnownFileType = sourcecode.swift; path = AdhanAppIntents.swift; sourceTree = "<group>"; };
		4F9BE1AE306A5DB7005AFABA /* AdhanAudioManager.swift */ = {isa = PBXFileReference; lastKnownFileType = sourcecode.swift; path = AdhanAudioManager.swift; sourceTree = "<group>"; };
		4F9BE1B3306B0229005AFABA /* AdhanPlugin.swift */ = {isa = PBXFileReference; lastKnownFileType = sourcecode.swift; path = AdhanPlugin.swift; sourceTree = "<group>"; };
		4F9BE1C0306C0000005AFABA /* adhan-fajr-madinah-30.caf */ = {isa = PBXFileReference; lastKnownFileType = file; path = "adhan-fajr-madinah-30.caf"; sourceTree = "<group>"; };
		4F9BE1C1306C0000005AFABA /* adhan-fajr-madinah-full.mp3 */ = {isa = PBXFileReference; lastKnownFileType = audio.mp3; path = "adhan-fajr-madinah-full.mp3"; sourceTree = "<group>"; };
		4F9BE1C2306C0000005AFABA /* adhan-fajr-mishary-30.caf */ = {isa = PBXFileReference; lastKnownFileType = file; path = "adhan-fajr-mishary-30.caf"; sourceTree = "<group>"; };
		4F9BE1C3306C0000005AFABA /* adhan-fajr-mishary-full.mp3 */ = {isa = PBXFileReference; lastKnownFileType = audio.mp3; path = "adhan-fajr-mishary-full.mp3"; sourceTree = "<group>"; };
		50379B222058CBB4000EE86E /* capacitor.config.json */ = {isa = PBXFileReference; fileEncoding = 4; lastKnownFileType = text.json; path = capacitor.config.json; sourceTree = "<group>"; };
		504EC3041FED79650016851F /* App.app */ = {isa = PBXFileReference; explicitFileType = wrapper.application; includeInIndex = 0; path = App.app; sourceTree = BUILT_PRODUCTS_DIR; };
		504EC3071FED79650016851F /* AppDelegate.swift */ = {isa = PBXFileReference; lastKnownFileType = sourcecode.swift; path = AppDelegate.swift; sourceTree = "<group>"; };
		504EC30C1FED79650016851F /* Base */ = {isa = PBXFileReference; lastKnownFileType = file.storyboard; name = Base; path = Base.lproj/Main.storyboard; sourceTree = "<group>"; };
		504EC30E1FED79650016851F /* Assets.xcassets */ = {isa = PBXFileReference; lastKnownFileType = folder.assetcatalog; path = Assets.xcassets; sourceTree = "<group>"; };
		504EC3111FED79650016851F /* Base */ = {isa = PBXFileReference; lastKnownFileType = file.storyboard; name = Base; path = Base.lproj/LaunchScreen.storyboard; sourceTree = "<group>"; };
		504EC3131FED79650016851F /* Info.plist */ = {isa = PBXFileReference; lastKnownFileType = text.plist.xml; path = Info.plist; sourceTree = "<group>"; };
		50B271D01FEDC1A000F3C39B /* public */ = {isa = PBXFileReference; lastKnownFileType = folder; path = public; sourceTree = "<group>"; };
		958DCC722DB07C7200EA8C5F /* debug.xcconfig */ = {isa = PBXFileReference; lastKnownFileType = text.xcconfig; name = debug.xcconfig; path = ../debug.xcconfig; sourceTree = SOURCE_ROOT; };
/* End PBXFileReference section */

/* Begin PBXFileSystemSynchronizedBuildFileExceptionSet section */
		4F9BE0B73069AF5B005AFABA /* PBXFileSystemSynchronizedBuildFileExceptionSet */ = {
			isa = PBXFileSystemSynchronizedBuildFileExceptionSet;
			membershipExceptions = (
				Info.plist,
			);
			target = 4F9BE0A43069AF57005AFABA /* AdhkarWidgetsExtension */;
		};
/* End PBXFileSystemSynchronizedBuildFileExceptionSet section */

/* Begin PBXFileSystemSynchronizedRootGroup section */
		4F9BE0A83069AF57005AFABA /* AdhkarWidgets */ = {isa = PBXFileSystemSynchronizedRootGroup; exceptions = (4F9BE0B73069AF5B005AFABA /* PBXFileSystemSynchronizedBuildFileExceptionSet */, ); explicitFileTypes = {}; explicitFolders = (); path = AdhkarWidgets; sourceTree = "<group>"; };
/* End PBXFileSystemSynchronizedRootGroup section */

/* Begin PBXFrameworksBuildPhase section */
		4F9BE0A23069AF57005AFABA /* Frameworks */ = {
			isa = PBXFrameworksBuildPhase;
			buildActionMask = 2147483647;
			files = (
				4F9BE0A73069AF57005AFABA /* SwiftUI.framework in Frameworks */,
				4F9BE0A63069AF57005AFABA /* WidgetKit.framework in Frameworks */,
			);
			runOnlyForDeploymentPostprocessing = 0;
		};
		504EC3011FED79650016851F /* Frameworks */ = {
			isa = PBXFrameworksBuildPhase;
			buildActionMask = 2147483647;
			files = (
				4D22ABE92AF431CB00220026 /* CapApp-SPM in Frameworks */,
			);
			runOnlyForDeploymentPostprocessing = 0;
		};
/* End PBXFrameworksBuildPhase section */

/* Begin PBXGroup section */
		4F9BE0383064D39E005AFABA /* Frameworks */ = {
			isa = PBXGroup;
			children = (
				4F9BE0393064D39E005AFABA /* WidgetKit.framework */,
				4F9BE03B3064D39E005AFABA /* SwiftUI.framework */,
			);
			name = Frameworks;
			sourceTree = "<group>";
		};
		504EC2FB1FED79650016851F = {
			isa = PBXGroup;
			children = (
				4F9BE188306A45A7005AFABA /* adhan-basit-30.caf */,
				4F9BE189306A45A7005AFABA /* adhan-basit-full.mp3 */,
				4F9BE1C0306C0000005AFABA /* adhan-fajr-madinah-30.caf */,
				4F9BE1C1306C0000005AFABA /* adhan-fajr-madinah-full.mp3 */,
				4F9BE1C2306C0000005AFABA /* adhan-fajr-mishary-30.caf */,
				4F9BE1C3306C0000005AFABA /* adhan-fajr-mishary-full.mp3 */,
				4F9BE18A306A45A7005AFABA /* adhan-madinah-30.caf */,
				4F9BE18B306A45A7005AFABA /* adhan-madinah-full.mp3 */,
				4F9BE18C306A45A7005AFABA /* adhan-majale-30.caf */,
				4F9BE18D306A45A7005AFABA /* adhan-majale-full.mp3 */,
				4F9BE18E306A45A7005AFABA /* adhan-makkah-30.caf */,
				4F9BE18F306A45A7005AFABA /* adhan-makkah-full.mp3 */,
				4F9BE190306A45A7005AFABA /* adhan-mishary-30.caf */,
				4F9BE191306A45A7005AFABA /* adhan-mishary-full.mp3 */,
				4F9BE192306A45A7005AFABA /* adhan-qatami-30.caf */,
				4F9BE193306A45A7005AFABA /* adhan-qatami-full.mp3 */,
				4F9BE194306A45A7005AFABA /* adhan-zaili-30.caf */,
				4F9BE195306A45A7005AFABA /* adhan-zaili-full.mp3 */,
				4F9BE10D3069C4BA005AFABA /* AdhkarWidgetsExtensionRelease.entitlements */,
				4F9BE0E13069BE96005AFABA /* AdhkarWidgetsPlugin.swift */,
				4F9BE0E23069BE96005AFABA /* CapacitorBridge.swift */,
				4F9BE0E33069BE96005AFABA /* SharedModels.swift */,
				958DCC722DB07C7200EA8C5F /* debug.xcconfig */,
				504EC3061FED79650016851F /* App */,
				4F9BE0A83069AF57005AFABA /* AdhkarWidgets */,
				4F9BE0383064D39E005AFABA /* Frameworks */,
				504EC3051FED79650016851F /* Products */,
			);
			sourceTree = "<group>";
		};
		504EC3051FED79650016851F /* Products */ = {
			isa = PBXGroup;
			children = (
				504EC3041FED79650016851F /* App.app */,
				4F9BE0A53069AF57005AFABA /* AdhkarWidgetsExtension.appex */,
			);
			name = Products;
			sourceTree = "<group>";
		};
		504EC3061FED79650016851F /* App */ = {
			isa = PBXGroup;
			children = (
				4F9BE0673064D9E4005AFABA /* AppRelease.entitlements */,
				4F9BE1B3306B0229005AFABA /* AdhanPlugin.swift */,
				4F9BE1AD306A5DB7005AFABA /* AdhanAppIntents.swift */,
				4F9BE1AE306A5DB7005AFABA /* AdhanAudioManager.swift */,
				4F9BE1A8306A52F0005AFABA /* AdhanActivityAttributes.swift */,
				50379B222058CBB4000EE86E /* capacitor.config.json */,
				504EC3071FED79650016851F /* AppDelegate.swift */,
				504EC30B1FED79650016851F /* Main.storyboard */,
				504EC30E1FED79650016851F /* Assets.xcassets */,
				504EC3101FED79650016851F /* LaunchScreen.storyboard */,
				504EC3131FED79650016851F /* Info.plist */,
				2FAD9762203C412B000D30F8 /* config.xml */,
				50B271D01FEDC1A000F3C39B /* public */,
			);
			path = App;
			sourceTree = "<group>";
		};
/* End PBXGroup section */

/* Begin PBXNativeTarget section */
		4F9BE0A43069AF57005AFABA /* AdhkarWidgetsExtension */ = {
			isa = PBXNativeTarget;
			buildConfigurationList = 4F9BE0B83069AF5B005AFABA /* Build configuration list for PBXNativeTarget "AdhkarWidgetsExtension" */;
			buildPhases = (
				4F9BE0A13069AF57005AFABA /* Sources */,
				4F9BE0A23069AF57005AFABA /* Frameworks */,
				4F9BE0A33069AF57005AFABA /* Resources */,
			);
			buildRules = (
			);
			dependencies = (
			);
			fileSystemSynchronizedGroups = (
				4F9BE0A83069AF57005AFABA /* AdhkarWidgets */,
			);
			name = AdhkarWidgetsExtension;
			packageProductDependencies = (
			);
			productName = AdhkarWidgetsExtension;
			productReference = 4F9BE0A53069AF57005AFABA /* AdhkarWidgetsExtension.appex */;
			productType = "com.apple.product-type.app-extension";
		};
		504EC3031FED79650016851F /* App */ = {
			isa = PBXNativeTarget;
			buildConfigurationList = 504EC3161FED79650016851F /* Build configuration list for PBXNativeTarget "App" */;
			buildPhases = (
				504EC3001FED79650016851F /* Sources */,
				504EC3011FED79650016851F /* Frameworks */,
				504EC3021FED79650016851F /* Resources */,
				4F9BE04E3064D39F005AFABA /* Embed Foundation Extensions */,
			);
			buildRules = (
			);
			dependencies = (
				4F9BE0B53069AF5B005AFABA /* PBXTargetDependency */,
			);
			name = App;
			packageProductDependencies = (
				4D22ABE82AF431CB00220026 /* CapApp-SPM */,
			);
			productName = App;
			productReference = 504EC3041FED79650016851F /* App.app */;
			productType = "com.apple.product-type.application";
		};
/* End PBXNativeTarget section */

/* Begin PBXProject section */
		504EC2FC1FED79650016851F /* Project object */ = {
			isa = PBXProject;
			attributes = {
				BuildIndependentTargetsInParallel = YES;
				LastSwiftUpdateCheck = 2660;
				LastUpgradeCheck = 2660;
				TargetAttributes = {
					4F9BE0A43069AF57005AFABA = {
						CreatedOnToolsVersion = 26.6;
					};
					504EC3031FED79650016851F = {
						CreatedOnToolsVersion = 9.2;
						LastSwiftMigration = 1100;
					};
				};
			};
			buildConfigurationList = 504EC2FF1FED79650016851F /* Build configuration list for PBXProject "App" */;
			compatibilityVersion = "Xcode 8.0";
			developmentRegion = en;
			hasScannedForEncodings = 0;
			knownRegions = (
				en,
				Base,
			);
			mainGroup = 504EC2FB1FED79650016851F;
			packageReferences = (
				D4C12C0A2AAA248700AAC8A2 /* XCLocalSwiftPackageReference "CapApp-SPM" */,
			);
			productRefGroup = 504EC3051FED79650016851F /* Products */;
			projectDirPath = "";
			projectRoot = "";
			targets = (
				504EC3031FED79650016851F /* App */,
				4F9BE0A43069AF57005AFABA /* AdhkarWidgetsExtension */,
			);
		};
/* End PBXProject section */

/* Begin PBXResourcesBuildPhase section */
		4F9BE0A33069AF57005AFABA /* Resources */ = {
			isa = PBXResourcesBuildPhase;
			buildActionMask = 2147483647;
			files = (
			);
			runOnlyForDeploymentPostprocessing = 0;
		};
		504EC3021FED79650016851F /* Resources */ = {
			isa = PBXResourcesBuildPhase;
			buildActionMask = 2147483647;
			files = (
				504EC3121FED79650016851F /* LaunchScreen.storyboard in Resources */,
				50B271D11FEDC1A000F3C39B /* public in Resources */,
				504EC30F1FED79650016851F /* Assets.xcassets in Resources */,
				50379B232058CBB4000EE86E /* capacitor.config.json in Resources */,
				504EC30D1FED79650016851F /* Main.storyboard in Resources */,
				2FAD9763203C412B000D30F8 /* config.xml in Resources */,
				4F9BE198306A45A7005AFABA /* adhan-makkah-full.mp3 in Resources */,
				4F9BE199306A45A7005AFABA /* adhan-majale-full.mp3 in Resources */,
				4F9BE19A306A45A7005AFABA /* adhan-madinah-30.caf in Resources */,
				4F9BE19B306A45A7005AFABA /* adhan-zaili-30.caf in Resources */,
				4F9BE19C306A45A7005AFABA /* adhan-mishary-full.mp3 in Resources */,
				4F9BE19D306A45A7005AFABA /* adhan-makkah-30.caf in Resources */,
				4F9BE19E306A45A7005AFABA /* adhan-basit-30.caf in Resources */,
				4F9BE19F306A45A7005AFABA /* adhan-mishary-30.caf in Resources */,
				4F9BE1A0306A45A7005AFABA /* adhan-qatami-30.caf in Resources */,
				4F9BE1A1306A45A7005AFABA /* adhan-madinah-full.mp3 in Resources */,
				4F9BE1A2306A45A7005AFABA /* adhan-majale-30.caf in Resources */,
				4F9BE1A3306A45A7005AFABA /* adhan-basit-full.mp3 in Resources */,
				4F9BE1A4306A45A7005AFABA /* adhan-qatami-full.mp3 in Resources */,
				4F9BE1A5306A45A7005AFABA /* adhan-zaili-full.mp3 in Resources */,
				4F9BE1C4306C0000005AFABA /* adhan-fajr-madinah-30.caf in Resources */,
				4F9BE1C5306C0000005AFABA /* adhan-fajr-madinah-full.mp3 in Resources */,
				4F9BE1C6306C0000005AFABA /* adhan-fajr-mishary-30.caf in Resources */,
				4F9BE1C7306C0000005AFABA /* adhan-fajr-mishary-full.mp3 in Resources */,
			);
			runOnlyForDeploymentPostprocessing = 0;
		};
/* End PBXResourcesBuildPhase section */

/* Begin PBXSourcesBuildPhase section */
		4F9BE0A13069AF57005AFABA /* Sources */ = {
			isa = PBXSourcesBuildPhase;
			buildActionMask = 2147483647;
			files = (
				4F9BE1AA306A52F0005AFABA /* AdhanActivityAttributes.swift in Sources */,
				4F9BE1AF306A5DB7005AFABA /* AdhanAudioManager.swift in Sources */,
				4F9BE1B0306A5DB7005AFABA /* AdhanAppIntents.swift in Sources */,
				4F9BE0E73069BEC6005AFABA /* SharedModels.swift in Sources */,
			);
			runOnlyForDeploymentPostprocessing = 0;
		};
		504EC3001FED79650016851F /* Sources */ = {
			isa = PBXSourcesBuildPhase;
			buildActionMask = 2147483647;
			files = (
				4F9BE0E43069BE96005AFABA /* CapacitorBridge.swift in Sources */,
				4F9BE0E53069BE96005AFABA /* SharedModels.swift in Sources */,
				4F9BE0E63069BE96005AFABA /* AdhkarWidgetsPlugin.swift in Sources */,
				504EC3081FED79650016851F /* AppDelegate.swift in Sources */,
				4F9BE1A9306A52F0005AFABA /* AdhanActivityAttributes.swift in Sources */,
				4F9BE1B1306A5DB7005AFABA /* AdhanAudioManager.swift in Sources */,
				4F9BE1B2306A5DB7005AFABA /* AdhanAppIntents.swift in Sources */,
				4F9BE1B4306B0229005AFABA /* AdhanPlugin.swift in Sources */,
			);
			runOnlyForDeploymentPostprocessing = 0;
		};
/* End PBXSourcesBuildPhase section */

/* Begin PBXTargetDependency section */
		4F9BE0B53069AF5B005AFABA /* PBXTargetDependency */ = {
			isa = PBXTargetDependency;
			target = 4F9BE0A43069AF57005AFABA /* AdhkarWidgetsExtension */;
			targetProxy = 4F9BE0B43069AF5B005AFABA /* PBXContainerItemProxy */;
		};
/* End PBXTargetDependency section */

/* Begin PBXVariantGroup section */
		504EC30B1FED79650016851F /* Main.storyboard */ = {
			isa = PBXVariantGroup;
			children = (
				504EC30C1FED79650016851F /* Base */,
			);
			name = Main.storyboard;
			sourceTree = "<group>";
		};
		504EC3101FED79650016851F /* LaunchScreen.storyboard */ = {
			isa = PBXVariantGroup;
			children = (
				504EC3111FED79650016851F /* Base */,
			);
			name = LaunchScreen.storyboard;
			sourceTree = "<group>";
		};
/* End PBXVariantGroup section */

/* Begin XCBuildConfiguration section */
		4F9BE0B93069AF5B005AFABA /* Debug */ = {
			isa = XCBuildConfiguration;
			buildSettings = {
				ASSETCATALOG_COMPILER_GENERATE_SWIFT_ASSET_SYMBOL_EXTENSIONS = YES;
				ASSETCATALOG_COMPILER_GLOBAL_ACCENT_COLOR_NAME = AccentColor;
				ASSETCATALOG_COMPILER_WIDGET_BACKGROUND_COLOR_NAME = WidgetBackground;
				CLANG_CXX_LANGUAGE_STANDARD = "gnu++20";
				CLANG_ENABLE_OBJC_WEAK = YES;
				CODE_SIGN_STYLE = Automatic;
				CURRENT_PROJECT_VERSION = 1;
				GCC_C_LANGUAGE_STANDARD = gnu17;
				GENERATE_INFOPLIST_FILE = YES;
				INFOPLIST_FILE = AdhkarWidgets/Info.plist;
				INFOPLIST_KEY_CFBundleDisplayName = AdhkarWidgets;
				INFOPLIST_KEY_NSHumanReadableCopyright = "";
				IPHONEOS_DEPLOYMENT_TARGET = 17.0;
				LD_RUNPATH_SEARCH_PATHS = (
					"$(inherited)",
					"@executable_path/Frameworks",
					"@executable_path/../../Frameworks",
				);
				LOCALIZATION_PREFERS_STRING_CATALOGS = YES;
				MARKETING_VERSION = 1.0;
				MTL_ENABLE_DEBUG_INFO = INCLUDE_SOURCE;
				MTL_FAST_MATH = YES;
				PRODUCT_BUNDLE_IDENTIFIER = com.mindcastmedia.adhkar.AdhkarWidgets;
				PRODUCT_NAME = "$(TARGET_NAME)";
				SKIP_INSTALL = YES;
				STRING_CATALOG_GENERATE_SYMBOLS = YES;
				SWIFT_ACTIVE_COMPILATION_CONDITIONS = "DEBUG $(inherited)";
				SWIFT_APPROACHABLE_CONCURRENCY = YES;
				SWIFT_EMIT_LOC_STRINGS = YES;
				SWIFT_UPCOMING_FEATURE_MEMBER_IMPORT_VISIBILITY = YES;
				SWIFT_VERSION = 5.0;
				TARGETED_DEVICE_FAMILY = "1,2";
			};
			name = Debug;
		};
		4F9BE0BA3069AF5B005AFABA /* Release */ = {
			isa = XCBuildConfiguration;
			buildSettings = {
				ASSETCATALOG_COMPILER_GENERATE_SWIFT_ASSET_SYMBOL_EXTENSIONS = YES;
				ASSETCATALOG_COMPILER_GLOBAL_ACCENT_COLOR_NAME = AccentColor;
				ASSETCATALOG_COMPILER_WIDGET_BACKGROUND_COLOR_NAME = WidgetBackground;
				CLANG_CXX_LANGUAGE_STANDARD = "gnu++20";
				CLANG_ENABLE_OBJC_WEAK = YES;
				CODE_SIGN_ENTITLEMENTS = AdhkarWidgetsExtensionRelease.entitlements;
				CODE_SIGN_IDENTITY = "Apple Development";
				CODE_SIGN_STYLE = Automatic;
				CURRENT_PROJECT_VERSION = 1;
				DEVELOPMENT_TEAM = M5GF23P25X;
				GCC_C_LANGUAGE_STANDARD = gnu17;
				GENERATE_INFOPLIST_FILE = YES;
				INFOPLIST_FILE = AdhkarWidgets/Info.plist;
				INFOPLIST_KEY_CFBundleDisplayName = AdhkarWidgets;
				INFOPLIST_KEY_NSHumanReadableCopyright = "";
				IPHONEOS_DEPLOYMENT_TARGET = 17.0;
				LD_RUNPATH_SEARCH_PATHS = (
					"$(inherited)",
					"@executable_path/Frameworks",
					"@executable_path/../../Frameworks",
				);
				LOCALIZATION_PREFERS_STRING_CATALOGS = YES;
				MARKETING_VERSION = 1.0;
				MTL_FAST_MATH = YES;
				PRODUCT_BUNDLE_IDENTIFIER = com.mindcastmedia.adhkar.AdhkarWidgets;
				PRODUCT_NAME = "$(TARGET_NAME)";
				PROVISIONING_PROFILE_SPECIFIER = "";
				SKIP_INSTALL = YES;
				STRING_CATALOG_GENERATE_SYMBOLS = YES;
				SWIFT_APPROACHABLE_CONCURRENCY = YES;
				SWIFT_EMIT_LOC_STRINGS = YES;
				SWIFT_UPCOMING_FEATURE_MEMBER_IMPORT_VISIBILITY = YES;
				SWIFT_VERSION = 5.0;
				TARGETED_DEVICE_FAMILY = "1,2";
			};
			name = Release;
		};
		504EC3141FED79650016851F /* Debug */ = {
			isa = XCBuildConfiguration;
			baseConfigurationReference = 958DCC722DB07C7200EA8C5F /* debug.xcconfig */;
			buildSettings = {
				ALWAYS_SEARCH_USER_PATHS = NO;
				CLANG_ANALYZER_NONNULL = YES;
				CLANG_ANALYZER_NUMBER_OBJECT_CONVERSION = YES_AGGRESSIVE;
				CLANG_CXX_LANGUAGE_STANDARD = "gnu++14";
				CLANG_CXX_LIBRARY = "libc++";
				CLANG_ENABLE_MODULES = YES;
				CLANG_ENABLE_OBJC_ARC = YES;
				CLANG_WARN_BLOCK_CAPTURE_AUTORELEASING = YES;
				CLANG_WARN_BOOL_CONVERSION = YES;
				CLANG_WARN_COMMA = YES;
				CLANG_WARN_CONSTANT_CONVERSION = YES;
				CLANG_WARN_DEPRECATED_OBJC_IMPLEMENTATIONS = YES;
				CLANG_WARN_DIRECT_OBJC_ISA_USAGE = YES_ERROR;
				CLANG_WARN_DOCUMENTATION_COMMENTS = YES;
				CLANG_WARN_EMPTY_BODY = YES;
				CLANG_WARN_ENUM_CONVERSION = YES;
				CLANG_WARN_INFINITE_RECURSION = YES;
				CLANG_WARN_INT_CONVERSION = YES;
				CLANG_WARN_NON_LITERAL_NULL_CONVERSION = YES;
				CLANG_WARN_OBJC_IMPLICIT_RETAIN_SELF = YES;
				CLANG_WARN_OBJC_LITERAL_CONVERSION = YES;
				CLANG_WARN_OBJC_ROOT_CLASS = YES_ERROR;
				CLANG_WARN_QUOTED_INCLUDE_IN_FRAMEWORK_HEADER = YES;
				CLANG_WARN_RANGE_LOOP_ANALYSIS = YES;
				CLANG_WARN_STRICT_PROTOTYPES = YES;
				CLANG_WARN_SUSPICIOUS_MOVE = YES;
				CLANG_WARN_UNGUARDED_AVAILABILITY = YES_AGGRESSIVE;
				CLANG_WARN_UNREACHABLE_CODE = YES;
				CLANG_WARN__DUPLICATE_METHOD_MATCH = YES;
				CODE_SIGN_IDENTITY = "iPhone Developer";
				COPY_PHASE_STRIP = NO;
				DEBUG_INFORMATION_FORMAT = dwarf;
				DEVELOPMENT_TEAM = M5GF23P25X;
				ENABLE_STRICT_OBJC_MSGSEND = YES;
				ENABLE_TESTABILITY = YES;
				ENABLE_USER_SCRIPT_SANDBOXING = YES;
				GCC_C_LANGUAGE_STANDARD = gnu11;
				GCC_DYNAMIC_NO_PIC = NO;
				GCC_NO_COMMON_BLOCKS = YES;
				GCC_OPTIMIZATION_LEVEL = 0;
				GCC_PREPROCESSOR_DEFINITIONS = (
					"DEBUG=1",
					"$(inherited)",
				);
				GCC_WARN_64_TO_32_BIT_CONVERSION = YES;
				GCC_WARN_ABOUT_RETURN_TYPE = YES_ERROR;
				GCC_WARN_UNDECLARED_SELECTOR = YES;
				GCC_WARN_UNINITIALIZED_AUTOS = YES_AGGRESSIVE;
				GCC_WARN_UNUSED_FUNCTION = YES;
				GCC_WARN_UNUSED_VARIABLE = YES;
				IPHONEOS_DEPLOYMENT_TARGET = 16.4;
				MTL_ENABLE_DEBUG_INFO = YES;
				ONLY_ACTIVE_ARCH = YES;
				SDKROOT = iphoneos;
				STRING_CATALOG_GENERATE_SYMBOLS = YES;
				SWIFT_ACTIVE_COMPILATION_CONDITIONS = DEBUG;
				SWIFT_OPTIMIZATION_LEVEL = "-Onone";
			};
			name = Debug;
		};
		504EC3151FED79650016851F /* Release */ = {
			isa = XCBuildConfiguration;
			buildSettings = {
				ALWAYS_SEARCH_USER_PATHS = NO;
				CLANG_ANALYZER_NONNULL = YES;
				CLANG_ANALYZER_NUMBER_OBJECT_CONVERSION = YES_AGGRESSIVE;
				CLANG_CXX_LANGUAGE_STANDARD = "gnu++14";
				CLANG_CXX_LIBRARY = "libc++";
				CLANG_ENABLE_MODULES = YES;
				CLANG_ENABLE_OBJC_ARC = YES;
				CLANG_WARN_BLOCK_CAPTURE_AUTORELEASING = YES;
				CLANG_WARN_BOOL_CONVERSION = YES;
				CLANG_WARN_COMMA = YES;
				CLANG_WARN_CONSTANT_CONVERSION = YES;
				CLANG_WARN_DEPRECATED_OBJC_IMPLEMENTATIONS = YES;
				CLANG_WARN_DIRECT_OBJC_ISA_USAGE = YES_ERROR;
				CLANG_WARN_DOCUMENTATION_COMMENTS = YES;
				CLANG_WARN_EMPTY_BODY = YES;
				CLANG_WARN_ENUM_CONVERSION = YES;
				CLANG_WARN_INFINITE_RECURSION = YES;
				CLANG_WARN_INT_CONVERSION = YES;
				CLANG_WARN_NON_LITERAL_NULL_CONVERSION = YES;
				CLANG_WARN_OBJC_IMPLICIT_RETAIN_SELF = YES;
				CLANG_WARN_OBJC_LITERAL_CONVERSION = YES;
				CLANG_WARN_OBJC_ROOT_CLASS = YES_ERROR;
				CLANG_WARN_QUOTED_INCLUDE_IN_FRAMEWORK_HEADER = YES;
				CLANG_WARN_RANGE_LOOP_ANALYSIS = YES;
				CLANG_WARN_STRICT_PROTOTYPES = YES;
				CLANG_WARN_SUSPICIOUS_MOVE = YES;
				CLANG_WARN_UNGUARDED_AVAILABILITY = YES_AGGRESSIVE;
				CLANG_WARN_UNREACHABLE_CODE = YES;
				CLANG_WARN__DUPLICATE_METHOD_MATCH = YES;
				CODE_SIGN_IDENTITY = "iPhone Developer";
				COPY_PHASE_STRIP = NO;
				DEBUG_INFORMATION_FORMAT = "dwarf-with-dsym";
				DEVELOPMENT_TEAM = M5GF23P25X;
				ENABLE_NS_ASSERTIONS = NO;
				ENABLE_STRICT_OBJC_MSGSEND = YES;
				ENABLE_USER_SCRIPT_SANDBOXING = YES;
				GCC_C_LANGUAGE_STANDARD = gnu11;
				GCC_NO_COMMON_BLOCKS = YES;
				GCC_WARN_64_TO_32_BIT_CONVERSION = YES;
				GCC_WARN_ABOUT_RETURN_TYPE = YES_ERROR;
				GCC_WARN_UNDECLARED_SELECTOR = YES;
				GCC_WARN_UNINITIALIZED_AUTOS = YES_AGGRESSIVE;
				GCC_WARN_UNUSED_FUNCTION = YES;
				GCC_WARN_UNUSED_VARIABLE = YES;
				IPHONEOS_DEPLOYMENT_TARGET = 16.4;
				MTL_ENABLE_DEBUG_INFO = NO;
				SDKROOT = iphoneos;
				STRING_CATALOG_GENERATE_SYMBOLS = YES;
				SWIFT_COMPILATION_MODE = wholemodule;
				SWIFT_OPTIMIZATION_LEVEL = "-O";
				VALIDATE_PRODUCT = YES;
			};
			name = Release;
		};
		504EC3171FED79650016851F /* Debug */ = {
			isa = XCBuildConfiguration;
			baseConfigurationReference = 958DCC722DB07C7200EA8C5F /* debug.xcconfig */;
			buildSettings = {
				ASSETCATALOG_COMPILER_APPICON_NAME = AppIcon;
				CODE_SIGN_STYLE = Automatic;
				CURRENT_PROJECT_VERSION = 4;
				INFOPLIST_FILE = App/Info.plist;
				IPHONEOS_DEPLOYMENT_TARGET = 16.4;
				LD_RUNPATH_SEARCH_PATHS = (
					"$(inherited)",
					"@executable_path/Frameworks",
				);
				MARKETING_VERSION = 1.0.2;
				OTHER_SWIFT_FLAGS = "$(inherited) \"-D\" \"COCOAPODS\" \"-DDEBUG\"";
				PRODUCT_BUNDLE_IDENTIFIER = com.mindcastmedia.adhkar;
				PRODUCT_NAME = "$(TARGET_NAME)";
				SWIFT_ACTIVE_COMPILATION_CONDITIONS = DEBUG;
				SWIFT_VERSION = 5.0;
				TARGETED_DEVICE_FAMILY = "1,2";
			};
			name = Debug;
		};
		504EC3181FED79650016851F /* Release */ = {
			isa = XCBuildConfiguration;
			buildSettings = {
				ASSETCATALOG_COMPILER_APPICON_NAME = AppIcon;
				CODE_SIGN_ENTITLEMENTS = App/AppRelease.entitlements;
				CODE_SIGN_IDENTITY = "Apple Development";
				CODE_SIGN_STYLE = Automatic;
				CURRENT_PROJECT_VERSION = 4;
				DEVELOPMENT_TEAM = M5GF23P25X;
				INFOPLIST_FILE = App/Info.plist;
				IPHONEOS_DEPLOYMENT_TARGET = 16.4;
				LD_RUNPATH_SEARCH_PATHS = (
					"$(inherited)",
					"@executable_path/Frameworks",
				);
				MARKETING_VERSION = 1.0.2;
				PRODUCT_BUNDLE_IDENTIFIER = com.mindcastmedia.adhkar;
				PRODUCT_NAME = "$(TARGET_NAME)";
				PROVISIONING_PROFILE_SPECIFIER = "";
				SWIFT_ACTIVE_COMPILATION_CONDITIONS = "";
				SWIFT_VERSION = 5.0;
				TARGETED_DEVICE_FAMILY = "1,2";
			};
			name = Release;
		};
/* End XCBuildConfiguration section */

/* Begin XCConfigurationList section */
		4F9BE0B83069AF5B005AFABA /* Build configuration list for PBXNativeTarget "AdhkarWidgetsExtension" */ = {
			isa = XCConfigurationList;
			buildConfigurations = (
				4F9BE0B93069AF5B005AFABA /* Debug */,
				4F9BE0BA3069AF5B005AFABA /* Release */,
			);
			defaultConfigurationIsVisible = 0;
			defaultConfigurationName = Release;
		};
		504EC2FF1FED79650016851F /* Build configuration list for PBXProject "App" */ = {
			isa = XCConfigurationList;
			buildConfigurations = (
				504EC3141FED79650016851F /* Debug */,
				504EC3151FED79650016851F /* Release */,
			);
			defaultConfigurationIsVisible = 0;
			defaultConfigurationName = Release;
		};
		504EC3161FED79650016851F /* Build configuration list for PBXNativeTarget "App" */ = {
			isa = XCConfigurationList;
			buildConfigurations = (
				504EC3171FED79650016851F /* Debug */,
				504EC3181FED79650016851F /* Release */,
			);
			defaultConfigurationIsVisible = 0;
			defaultConfigurationName = Release;
		};
/* End XCConfigurationList section */

/* Begin XCLocalSwiftPackageReference section */
		D4C12C0A2AAA248700AAC8A2 /* XCLocalSwiftPackageReference "CapApp-SPM" */ = {
			isa = XCLocalSwiftPackageReference;
			relativePath = "CapApp-SPM";
		};
/* End XCLocalSwiftPackageReference section */

/* Begin XCSwiftPackageProductDependency section */
		4D22ABE82AF431CB00220026 /* CapApp-SPM */ = {
			isa = XCSwiftPackageProductDependency;
			package = D4C12C0A2AAA248700AAC8A2 /* XCLocalSwiftPackageReference "CapApp-SPM" */;
			productName = "CapApp-SPM";
		};
/* End XCSwiftPackageProductDependency section */
	};
	rootObject = 504EC2FC1FED79650016851F /* Project object */;
}
